// !$*UTF8*$!
{
	archiveVersion = 1;
	classes = {
	};
	objectVersion = 48;
	objects = {

/* Begin PBXBuildFile section */
		1333571B2042603200F90854 /* NewTest.m in Sources */ = {isa = PBXBuildFile; fileRef = 1333571A2042603200F90854 /* NewTest.m */; };
		135B60892038E77600B42BE3 /* AppDelegate.m in Sources */ = {isa = PBXBuildFile; fileRef = 135B60882038E77600B42BE3 /* AppDelegate.m */; };
		135B608C2038E77600B42BE3 /* ViewController.m in Sources */ = {isa = PBXBuildFile; fileRef = 135B608B2038E77600B42BE3 /* ViewController.m */; };
		135B608F2038E77700B42BE3 /* Main.storyboard in Resources */ = {isa = PBXBuildFile; fileRef = 135B608D2038E77600B42BE3 /* Main.storyboard */; };
		135B60912038E77700B42BE3 /* Assets.xcassets in Resources */ = {isa = PBXBuildFile; fileRef = 135B60902038E77700B42BE3 /* Assets.xcassets */; };
		135B60942038E77700B42BE3 /* LaunchScreen.storyboard in Resources */ = {isa = PBXBuildFile; fileRef = 135B60922038E77700B42BE3 /* LaunchScreen.storyboard */; };
		135B60972038E77700B42BE3 /* main.m in Sources */ = {isa = PBXBuildFile; fileRef = 135B60962038E77700B42BE3 /* main.m */; };
		135B60F22038EC3200B42BE3 /* Location.m in Sources */ = {isa = PBXBuildFile; fileRef = 135B60F02038EC3100B42BE3 /* Location.m */; };
		135B60F32038EC3200B42BE3 /* JSONLoader.m in Sources */ = {isa = PBXBuildFile; fileRef = 135B60F12038EC3200B42BE3 /* JSONLoader.m */; };
		135B60FD2038EC6100B42BE3 /* CoreGraphics.framework in Frameworks */ = {isa = PBXBuildFile; fileRef = 135B60F52038EC6000B42BE3 /* CoreGraphics.framework */; };
		135B60FE2038EC6100B42BE3 /* CoreText.framework in Frameworks */ = {isa = PBXBuildFile; fileRef = 135B60F62038EC6000B42BE3 /* CoreText.framework */; };
		135B60FF2038EC6100B42BE3 /* CoreFoundation.framework in Frameworks */ = {isa = PBXBuildFile; fileRef = 135B60F72038EC6000B42BE3 /* CoreFoundation.framework */; };
		135B61002038EC6100B42BE3 /* CoreLocation.framework in Frameworks */ = {isa = PBXBuildFile; fileRef = 135B60F82038EC6000B42BE3 /* CoreLocation.framework */; };
		135B61012038EC6100B42BE3 /* CoreMedia.framework in Frameworks */ = {isa = PBXBuildFile; fileRef = 135B60F92038EC6000B42BE3 /* CoreMedia.framework */; };
		135B61022038EC6100B42BE3 /* CoreTelephony.framework in Frameworks */ = {isa = PBXBuildFile; fileRef = 135B60FA2038EC6100B42BE3 /* CoreTelephony.framework */; };
		135B61032038EC6100B42BE3 /* CoreData.framework in Frameworks */ = {isa = PBXBuildFile; fileRef = 135B60FB2038EC6100B42BE3 /* CoreData.framework */; };
		135B61042038EC6100B42BE3 /* CoreImage.framework in Frameworks */ = {isa = PBXBuildFile; fileRef = 135B60FC2038EC6100B42BE3 /* CoreImage.framework */; };
		135B61062038EC6D00B42BE3 /* UIKit.framework in Frameworks */ = {isa = PBXBuildFile; fileRef = 135B61052038EC6C00B42BE3 /* UIKit.framework */; };
		135B61082038EC7700B42BE3 /* Foundation.framework in Frameworks */ = {isa = PBXBuildFile; fileRef = 135B61072038EC7700B42BE3 /* Foundation.framework */; };
		135B610A2038EC8200B42BE3 /* ImageIO.framework in Frameworks */ = {isa = PBXBuildFile; fileRef = 135B61092038EC8200B42BE3 /* ImageIO.framework */; };
		135B610D2038ED9B00B42BE3 /* Displaydata.json in Resources */ = {isa = PBXBuildFile; fileRef = 135B610C2038ED9B00B42BE3 /* Displaydata.json */; };
		135B61142039109600B42BE3 /* noImage.jpg in Resources */ = {isa = PBXBuildFile; fileRef = 135B61132039109600B42BE3 /* noImage.jpg */; };
		136B5856203D817B00F5827C /* SDWebImage.framework in Frameworks */ = {isa = PBXBuildFile; fileRef = 136B584F203D80F200F5827C /* SDWebImage.framework */; };
		136B5857203D818C00F5827C /* libSDWebImage iOS static.a in Frameworks */ = {isa = PBXBuildFile; fileRef = 136B584B203D80F200F5827C /* libSDWebImage iOS static.a */; };
/* End PBXBuildFile section */

/* Begin PBXContainerItemProxy section */
		1333571D2042603200F90854 /* PBXContainerItemProxy */ = {
			isa = PBXContainerItemProxy;
			containerPortal = 135B607C2038E77600B42BE3 /* Project object */;
			proxyType = 1;
			remoteGlobalIDString = 135B60832038E77600B42BE3;
			remoteInfo = TestProject;
		};
		135B609D2038E77700B42BE3 /* PBXContainerItemProxy */ = {
			isa = PBXContainerItemProxy;
			containerPortal = 135B607C2038E77600B42BE3 /* Project object */;
			proxyType = 1;
			remoteGlobalIDString = 135B60832038E77600B42BE3;
			remoteInfo = TestProject;
		};
		135B60A82038E77700B42BE3 /* PBXContainerItemProxy */ = {
			isa = PBXContainerItemProxy;
			containerPortal = 135B607C2038E77600B42BE3 /* Project object */;
			proxyType = 1;
			remoteGlobalIDString = 135B60832038E77600B42BE3;
			remoteInfo = TestProject;
		};
		136B584A203D80F200F5827C /* PBXContainerItemProxy */ = {
			isa = PBXContainerItemProxy;
			containerPortal = 136B5841203D80F200F5827C /* SDWebImage.xcodeproj */;
			proxyType = 2;
			remoteGlobalIDString = 53761325155AD0D5005750A4;
			remoteInfo = "SDWebImage iOS static";
		};
		136B584C203D80F200F5827C /* PBXContainerItemProxy */ = {
			isa = PBXContainerItemProxy;
			containerPortal = 136B5841203D80F200F5827C /* SDWebImage.xcodeproj */;
			proxyType = 2;
			remoteGlobalIDString = 4314D1991D0E0E3B004B36C9;
			remoteInfo = "SDWebImage watchOS static";
		};
		136B584E203D80F200F5827C /* PBXContainerItemProxy */ = {
			isa = PBXContainerItemProxy;
			containerPortal = 136B5841203D80F200F5827C /* SDWebImage.xcodeproj */;
			proxyType = 2;
			remoteGlobalIDString = 4A2CADFF1AB4BB5300B6BC39;
			remoteInfo = "SDWebImage iOS";
		};
		136B5850203D80F200F5827C /* PBXContainerItemProxy */ = {
			isa = PBXContainerItemProxy;
			containerPortal = 136B5841203D80F200F5827C /* SDWebImage.xcodeproj */;
			proxyType = 2;
			remoteGlobalIDString = 00733A4C1BC487C000A5A117;
			remoteInfo = "SDWebImage tvOS";
		};
		136B5852203D80F200F5827C /* PBXContainerItemProxy */ = {
			isa = PBXContainerItemProxy;
			containerPortal = 136B5841203D80F200F5827C /* SDWebImage.xcodeproj */;
			proxyType = 2;
			remoteGlobalIDString = 431BB7031D06D2C1006A3455;
			remoteInfo = "SDWebImage watchOS";
		};
		136B5854203D80F200F5827C /* PBXContainerItemProxy */ = {
			isa = PBXContainerItemProxy;
			containerPortal = 136B5841203D80F200F5827C /* SDWebImage.xcodeproj */;
			proxyType = 2;
			remoteGlobalIDString = 4397D2F21D0DDD8C00BB2784;
			remoteInfo = "SDWebImage OSX";
		};
/* End PBXContainerItemProxy section */

/* Begin PBXFileReference section */
		133357182042603100F90854 /* NewTest.xctest */ = {isa = PBXFileReference; explicitFileType = wrapper.cfbundle; includeInIndex = 0; path = NewTest.xctest; sourceTree = BUILT_PRODUCTS_DIR; };
		1333571A2042603200F90854 /* NewTest.m */ = {isa = PBXFileReference; lastKnownFileType = sourcecode.c.objc; path = NewTest.m; sourceTree = "<group>"; };
		1333571C2042603200F90854 /* Info.plist */ = {isa = PBXFileReference; lastKnownFileType = text.plist.xml; path = Info.plist; sourceTree = "<group>"; };
		135B60842038E77600B42BE3 /* TestProject.app */ = {isa = PBXFileReference; explicitFileType = wrapper.application; includeInIndex = 0; path = TestProject.app; sourceTree = BUILT_PRODUCTS_DIR; };
		135B60872038E77600B42BE3 /* AppDelegate.h */ = {isa = PBXFileReference; lastKnownFileType = sourcecode.c.h; path = AppDelegate.h; sourceTree = "<group>"; };
		135B60882038E77600B42BE3 /* AppDelegate.m */ = {isa = PBXFileReference; lastKnownFileType = sourcecode.c.objc; path = AppDelegate.m; sourceTree = "<group>"; };
		135B608A2038E77600B42BE3 /* ViewController.h */ = {isa = PBXFileReference; lastKnownFileType = sourcecode.c.h; path = ViewController.h; sourceTree = "<group>"; };
		135B608B2038E77600B42BE3 /* ViewController.m */ = {isa = PBXFileReference; lastKnownFileType = sourcecode.c.objc; path = ViewController.m; sourceTree = "<group>"; };
		135B608E2038E77600B42BE3 /* Base */ = {isa = PBXFileReference; lastKnownFileType = file.storyboard; name = Base; path = Base.lproj/Main.storyboard; sourceTree = "<group>"; };
		135B60902038E77700B42BE3 /* Assets.xcassets */ = {isa = PBXFileReference; lastKnownFileType = folder.assetcatalog; path = Assets.xcassets; sourceTree = "<group>"; };
		135B60932038E77700B42BE3 /* Base */ = {isa = PBXFileReference; lastKnownFileType = file.storyboard; name = Base; path = Base.lproj/LaunchScreen.storyboard; sourceTree = "<group>"; };
		135B60952038E77700B42BE3 /* Info.plist */ = {isa = PBXFileReference; lastKnownFileType = text.plist.xml; path = Info.plist; sourceTree = "<group>"; };
		135B60962038E77700B42BE3 /* main.m */ = {isa = PBXFileReference; lastKnownFileType = sourcecode.c.objc; path = main.m; sourceTree = "<group>"; };
		135B609C2038E77700B42BE3 /* TestProjectTests.xctest */ = {isa = PBXFileReference; explicitFileType = wrapper.cfbundle; includeInIndex = 0; path = TestProjectTests.xctest; sourceTree = BUILT_PRODUCTS_DIR; };
		135B60A72038E77700B42BE3 /* TestProjectUITests.xctest */ = {isa = PBXFileReference; explicitFileType = wrapper.cfbundle; includeInIndex = 0; path = TestProjectUITests.xctest; sourceTree = BUILT_PRODUCTS_DIR; };
		135B60EE2038EC3100B42BE3 /* JSONLoader.h */ = {isa = PBXFileReference; fileEncoding = 4; lastKnownFileType = sourcecode.c.h; path = JSONLoader.h; sourceTree = "<group>"; };
		135B60EF2038EC3100B42BE3 /* Location.h */ = {isa = PBXFileReference; fileEncoding = 4; lastKnownFileType = sourcecode.c.h; path = Location.h; sourceTree = "<group>"; };
		135B60F02038EC3100B42BE3 /* Location.m */ = {isa = PBXFileReference; fileEncoding = 4; lastKnownFileType = sourcecode.c.objc; path = Location.m; sourceTree = "<group>"; };
		135B60F12038EC3200B42BE3 /* JSONLoader.m */ = {isa = PBXFileReference; fileEncoding = 4; lastKnownFileType = sourcecode.c.objc; path = JSONLoader.m; sourceTree = "<group>"; };
		135B60F52038EC6000B42BE3 /* CoreGraphics.framework */ = {isa = PBXFileReference; lastKnownFileType = wrapper.framework; name = CoreGraphics.framework; path = System/Library/Frameworks/CoreGraphics.framework; sourceTree = SDKROOT; };
		135B60F62038EC6000B42BE3 /* CoreText.framework */ = {isa = PBXFileReference; lastKnownFileType = wrapper.framework; name = CoreText.framework; path = System/Library/Frameworks/CoreText.framework; sourceTree = SDKROOT; };
		135B60F72038EC6000B42BE3 /* CoreFoundation.framework */ = {isa = PBXFileReference; lastKnownFileType = wrapper.framework; name = CoreFoundation.framework; path = System/Library/Frameworks/CoreFoundation.framework; sourceTree = SDKROOT; };
		135B60F82038EC6000B42BE3 /* CoreLocation.framework */ = {isa = PBXFileReference; lastKnownFileType = wrapper.framework; name = CoreLocation.framework; path = System/Library/Frameworks/CoreLocation.framework; sourceTree = SDKROOT; };
		135B60F92038EC6000B42BE3 /* CoreMedia.framework */ = {isa = PBXFileReference; lastKnownFileType = wrapper.framework; name = CoreMedia.framework; path = System/Library/Frameworks/CoreMedia.framework; sourceTree = SDKROOT; };
		135B60FA2038EC6100B42BE3 /* CoreTelephony.framework */ = {isa = PBXFileReference; lastKnownFileType = wrapper.framework; name = CoreTelephony.framework; path = System/Library/Frameworks/CoreTelephony.framework; sourceTree = SDKROOT; };
		135B60FB2038EC6100B42BE3 /* CoreData.framework */ = {isa = PBXFileReference; lastKnownFileType = wrapper.framework; name = CoreData.framework; path = System/Library/Frameworks/CoreData.framework; sourceTree = SDKROOT; };
		135B60FC2038EC6100B42BE3 /* CoreImage.framework */ = {isa = PBXFileReference; lastKnownFileType = wrapper.framework; name = CoreImage.framework; path = System/Library/Frameworks/CoreImage.framework; sourceTree = SDKROOT; };
		135B61052038EC6C00B42BE3 /* UIKit.framework */ = {isa = PBXFileReference; lastKnownFileType = wrapper.framework; name = UIKit.framework; path = System/Library/Frameworks/UIKit.framework; sourceTree = SDKROOT; };
		135B61072038EC7700B42BE3 /* Foundation.framework */ = {isa = PBXFileReference; lastKnownFileType = wrapper.framework; name = Foundation.framework; path = System/Library/Frameworks/Foundation.framework; sourceTree = SDKROOT; };
		135B61092038EC8200B42BE3 /* ImageIO.framework */ = {isa = PBXFileReference; lastKnownFileType = wrapper.framework; name = ImageIO.framework; path = System/Library/Frameworks/ImageIO.framework; sourceTree = SDKROOT; };
		135B610C2038ED9B00B42BE3 /* Displaydata.json */ = {isa = PBXFileReference; fileEncoding = 4; lastKnownFileType = text.json; path = Displaydata.json; sourceTree = "<group>"; };
		135B61132039109600B42BE3 /* noImage.jpg */ = {isa = PBXFileReference; lastKnownFileType = image.jpeg; path = noImage.jpg; sourceTree = "<group>"; };
		136B5841203D80F200F5827C /* SDWebImage.xcodeproj */ = {isa = PBXFileReference; lastKnownFileType = "wrapper.pb-project"; name = SDWebImage.xcodeproj; path = TestProject/SDWebImage/SDWebImage.xcodeproj; sourceTree = "<group>"; };
/* End PBXFileReference section */

/* Begin PBXFrameworksBuildPhase section */
		133357152042603100F90854 /* Frameworks */ = {
			isa = PBXFrameworksBuildPhase;
			buildActionMask = 2147483647;
			files = (
			);
			runOnlyForDeploymentPostprocessing = 0;
		};
		135B60812038E77600B42BE3 /* Frameworks */ = {
			isa = PBXFrameworksBuildPhase;
			buildActionMask = 2147483647;
			files = (
				136B5857203D818C00F5827C /* libSDWebImage iOS static.a in Frameworks */,
				136B5856203D817B00F5827C /* SDWebImage.framework in Frameworks */,
				135B610A2038EC8200B42BE3 /* ImageIO.framework in Frameworks */,
				135B61082038EC7700B42BE3 /* Foundation.framework in Frameworks */,
				135B61062038EC6D00B42BE3 /* UIKit.framework in Frameworks */,
				135B60FD2038EC6100B42BE3 /* CoreGraphics.framework in Frameworks */,
				135B60FE2038EC6100B42BE3 /* CoreText.framework in Frameworks */,
				135B60FF2038EC6100B42BE3 /* CoreFoundation.framework in Frameworks */,
				135B61002038EC6100B42BE3 /* CoreLocation.framework in Frameworks */,
				135B61012038EC6100B42BE3 /* CoreMedia.framework in Frameworks */,
				135B61022038EC6100B42BE3 /* CoreTelephony.framework in Frameworks */,
				135B61032038EC6100B42BE3 /* CoreData.framework in Frameworks */,
				135B61042038EC6100B42BE3 /* CoreImage.framework in Frameworks */,
			);
			runOnlyForDeploymentPostprocessing = 0;
		};
		135B60992038E77700B42BE3 /* Frameworks */ = {
			isa = PBXFrameworksBuildPhase;
			buildActionMask = 2147483647;
			files = (
			);
			runOnlyForDeploymentPostprocessing = 0;
		};
		135B60A42038E77700B42BE3 /* Frameworks */ = {
			isa = PBXFrameworksBuildPhase;
			buildActionMask = 2147483647;
			files = (
			);
			runOnlyForDeploymentPostprocessing = 0;
		};
/* End PBXFrameworksBuildPhase section */

/* Begin PBXGroup section */
		133357192042603200F90854 /* NewTest */ = {
			isa = PBXGroup;
			children = (
				1333571A2042603200F90854 /* NewTest.m */,
				1333571C2042603200F90854 /* Info.plist */,
			);
			path = NewTest;
			sourceTree = "<group>";
		};
		135B607B2038E77600B42BE3 = {
			isa = PBXGroup;
			children = (
				136B5841203D80F200F5827C /* SDWebImage.xcodeproj */,
				135B61132039109600B42BE3 /* noImage.jpg */,
				135B610C2038ED9B00B42BE3 /* Displaydata.json */,
				135B60EE2038EC3100B42BE3 /* JSONLoader.h */,
				135B60F12038EC3200B42BE3 /* JSONLoader.m */,
				135B60EF2038EC3100B42BE3 /* Location.h */,
				135B60F02038EC3100B42BE3 /* Location.m */,
				135B60862038E77600B42BE3 /* TestProject */,
				133357192042603200F90854 /* NewTest */,
				135B60852038E77600B42BE3 /* Products */,
				135B60F42038EC6000B42BE3 /* Frameworks */,
			);
			sourceTree = "<group>";
		};
		135B60852038E77600B42BE3 /* Products */ = {
			isa = PBXGroup;
			children = (
				135B60842038E77600B42BE3 /* TestProject.app */,
				135B609C2038E77700B42BE3 /* TestProjectTests.xctest */,
				135B60A72038E77700B42BE3 /* TestProjectUITests.xctest */,
				133357182042603100F90854 /* NewTest.xctest */,
			);
			name = Products;
			sourceTree = "<group>";
		};
		135B60862038E77600B42BE3 /* TestProject */ = {
			isa = PBXGroup;
			children = (
				135B60872038E77600B42BE3 /* AppDelegate.h */,
				135B60882038E77600B42BE3 /* AppDelegate.m */,
				135B608A2038E77600B42BE3 /* ViewController.h */,
				135B608B2038E77600B42BE3 /* ViewController.m */,
				135B608D2038E77600B42BE3 /* Main.storyboard */,
				135B60902038E77700B42BE3 /* Assets.xcassets */,
				135B60922038E77700B42BE3 /* LaunchScreen.storyboard */,
				135B60952038E77700B42BE3 /* Info.plist */,
				135B60962038E77700B42BE3 /* main.m */,
			);
			path = TestProject;
			sourceTree = "<group>";
		};
		135B60F42038EC6000B42BE3 /* Frameworks */ = {
			isa = PBXGroup;
			children = (
				135B61092038EC8200B42BE3 /* ImageIO.framework */,
				135B61072038EC7700B42BE3 /* Foundation.framework */,
				135B61052038EC6C00B42BE3 /* UIKit.framework */,
				135B60FB2038EC6100B42BE3 /* CoreData.framework */,
				135B60F72038EC6000B42BE3 /* CoreFoundation.framework */,
				135B60F52038EC6000B42BE3 /* CoreGraphics.framework */,
				135B60FC2038EC6100B42BE3 /* CoreImage.framework */,
				135B60F82038EC6000B42BE3 /* CoreLocation.framework */,
				135B60F92038EC6000B42BE3 /* CoreMedia.framework */,
				135B60FA2038EC6100B42BE3 /* CoreTelephony.framework */,
				135B60F62038EC6000B42BE3 /* CoreText.framework */,
			);
			name = Frameworks;
			sourceTree = "<group>";
		};
		136B5842203D80F200F5827C /* Products */ = {
			isa = PBXGroup;
			children = (
				136B584B203D80F200F5827C /* libSDWebImage iOS static.a */,
				136B584D203D80F200F5827C /* libSDWebImage watchOS static.a */,
				136B584F203D80F200F5827C /* SDWebImage.framework */,
				136B5851203D80F200F5827C /* SDWebImage.framework */,
				136B5853203D80F200F5827C /* SDWebImage.framework */,
				136B5855203D80F200F5827C /* SDWebImage.framework */,
			);
			name = Products;
			sourceTree = "<group>";
		};
/* End PBXGroup section */

/* Begin PBXNativeTarget section */
		133357172042603100F90854 /* NewTest */ = {
			isa = PBXNativeTarget;
			buildConfigurationList = 1333571F2042603200F90854 /* Build configuration list for PBXNativeTarget "NewTest" */;
			buildPhases = (
				133357142042603100F90854 /* Sources */,
				133357152042603100F90854 /* Frameworks */,
				133357162042603100F90854 /* Resources */,
			);
			buildRules = (
			);
			dependencies = (
				1333571E2042603200F90854 /* PBXTargetDependency */,
			);
			name = NewTest;
			productName = NewTest;
			productReference = 133357182042603100F90854 /* NewTest.xctest */;
			productType = "com.apple.product-type.bundle.unit-test";
		};
		135B60832038E77600B42BE3 /* TestProject */ = {
			isa = PBXNativeTarget;
			buildConfigurationList = 135B60B02038E77700B42BE3 /* Build configuration list for PBXNativeTarget "TestProject" */;
			buildPhases = (
				135B60802038E77600B42BE3 /* Sources */,
				135B60812038E77600B42BE3 /* Frameworks */,
				135B60822038E77600B42BE3 /* Resources */,
			);
			buildRules = (
			);
			dependencies = (
			);
			name = TestProject;
			productName = TestProject;
			productReference = 135B60842038E77600B42BE3 /* TestProject.app */;
			productType = "com.apple.product-type.application";
		};
		135B609B2038E77700B42BE3 /* TestProjectTests */ = {
			isa = PBXNativeTarget;
			buildConfigurationList = 135B60B32038E77700B42BE3 /* Build configuration list for PBXNativeTarget "TestProjectTests" */;
			buildPhases = (
				135B60982038E77700B42BE3 /* Sources */,
				135B60992038E77700B42BE3 /* Frameworks */,
				135B609A2038E77700B42BE3 /* Resources */,
			);
			buildRules = (
			);
			dependencies = (
				135B609E2038E77700B42BE3 /* PBXTargetDependency */,
			);
			name = TestProjectTests;
			productName = TestProjectTests;
			productReference = 135B609C2038E77700B42BE3 /* TestProjectTests.xctest */;
			productType = "com.apple.product-type.bundle.unit-test";
		};
		135B60A62038E77700B42BE3 /* TestProjectUITests */ = {
			isa = PBXNativeTarget;
			buildConfigurationList = 135B60B62038E77700B42BE3 /* Build configuration list for PBXNativeTarget "TestProjectUITests" */;
			buildPhases = (
				135B60A32038E77700B42BE3 /* Sources */,
				135B60A42038E77700B42BE3 /* Frameworks */,
				135B60A52038E77700B42BE3 /* Resources */,
			);
			buildRules = (
			);
			dependencies = (
				135B60A92038E77700B42BE3 /* PBXTargetDependency */,
			);
			name = TestProjectUITests;
			productName = TestProjectUITests;
			productReference = 135B60A72038E77700B42BE3 /* TestProjectUITests.xctest */;
			productType = "com.apple.product-type.bundle.ui-testing";
		};
/* End PBXNativeTarget section */

/* Begin PBXProject section */
		135B607C2038E77600B42BE3 /* Project object */ = {
			isa = PBXProject;
			attributes = {
				LastUpgradeCheck = 0920;
				ORGANIZATIONNAME = "Prakshi Bector";
				TargetAttributes = {
					133357172042603100F90854 = {
						CreatedOnToolsVersion = 9.2;
						ProvisioningStyle = Automatic;
						TestTargetID = 135B60832038E77600B42BE3;
					};
					135B60832038E77600B42BE3 = {
						CreatedOnToolsVersion = 9.2;
						ProvisioningStyle = Automatic;
					};
					135B609B2038E77700B42BE3 = {
						CreatedOnToolsVersion = 9.2;
						ProvisioningStyle = Automatic;
						TestTargetID = 135B60832038E77600B42BE3;
					};
					135B60A62038E77700B42BE3 = {
						CreatedOnToolsVersion = 9.2;
						ProvisioningStyle = Automatic;
						TestTargetID = 135B60832038E77600B42BE3;
					};
				};
			};
			buildConfigurationList = 135B607F2038E77600B42BE3 /* Build configuration list for PBXProject "TestProject" */;
			compatibilityVersion = "Xcode 8.0";
			developmentRegion = en;
			hasScannedForEncodings = 0;
			knownRegions = (
				en,
				Base,
			);
			mainGroup = 135B607B2038E77600B42BE3;
			productRefGroup = 135B60852038E77600B42BE3 /* Products */;
			projectDirPath = "";
			projectReferences = (
				{
					ProductGroup = 136B5842203D80F200F5827C /* Products */;
					ProjectRef = 136B5841203D80F200F5827C /* SDWebImage.xcodeproj */;
				},
			);
			projectRoot = "";
			targets = (
				135B60832038E77600B42BE3 /* TestProject */,
				135B609B2038E77700B42BE3 /* TestProjectTests */,
				135B60A62038E77700B42BE3 /* TestProjectUITests */,
				133357172042603100F90854 /* NewTest */,
			);
		};
/* End PBXProject section */

/* Begin PBXReferenceProxy section */
		136B584B203D80F200F5827C /* libSDWebImage iOS static.a */ = {
			isa = PBXReferenceProxy;
			fileType = archive.ar;
			path = "libSDWebImage iOS static.a";
			remoteRef = 136B584A203D80F200F5827C /* PBXContainerItemProxy */;
			sourceTree = BUILT_PRODUCTS_DIR;
		};
		136B584D203D80F200F5827C /* libSDWebImage watchOS static.a */ = {
			isa = PBXReferenceProxy;
			fileType = archive.ar;
			path = "libSDWebImage watchOS static.a";
			remoteRef = 136B584C203D80F200F5827C /* PBXContainerItemProxy */;
			sourceTree = BUILT_PRODUCTS_DIR;
		};
		136B584F203D80F200F5827C /* SDWebImage.framework */ = {
			isa = PBXReferenceProxy;
			fileType = wrapper.framework;
			path = SDWebImage.framework;
			remoteRef = 136B584E203D80F200F5827C /* PBXContainerItemProxy */;
			sourceTree = BUILT_PRODUCTS_DIR;
		};
		136B5851203D80F200F5827C /* SDWebImage.framework */ = {
			isa = PBXReferenceProxy;
			fileType = wrapper.framework;
			path = SDWebImage.framework;
			remoteRef = 136B5850203D80F200F5827C /* PBXContainerItemProxy */;
			sourceTree = BUILT_PRODUCTS_DIR;
		};
		136B5853203D80F200F5827C /* SDWebImage.framework */ = {
			isa = PBXReferenceProxy;
			fileType = wrapper.framework;
			path = SDWebImage.framework;
			remoteRef = 136B5852203D80F200F5827C /* PBXContainerItemProxy */;
			sourceTree = BUILT_PRODUCTS_DIR;
		};
		136B5855203D80F200F5827C /* SDWebImage.framework */ = {
			isa = PBXReferenceProxy;
			fileType = wrapper.framework;
			path = SDWebImage.framework;
			remoteRef = 136B5854203D80F200F5827C /* PBXContainerItemProxy */;
			sourceTree = BUILT_PRODUCTS_DIR;
		};
/* End PBXReferenceProxy section */

/* Begin PBXResourcesBuildPhase section */
		133357162042603100F90854 /* Resources */ = {
			isa = PBXResourcesBuildPhase;
			buildActionMask = 2147483647;
			files = (
			);
			runOnlyForDeploymentPostprocessing = 0;
		};
		135B60822038E77600B42BE3 /* Resources */ = {
			isa = PBXResourcesBuildPhase;
			buildActionMask = 2147483647;
			files = (
				135B610D2038ED9B00B42BE3 /* Displaydata.json in Resources */,
				135B60942038E77700B42BE3 /* LaunchScreen.storyboard in Resources */,
				135B60912038E77700B42BE3 /* Assets.xcassets in Resources */,
				135B608F2038E77700B42BE3 /* Main.storyboard in Resources */,
				135B61142039109600B42BE3 /* noImage.jpg in Resources */,
			);
			runOnlyForDeploymentPostprocessing = 0;
		};
		135B609A2038E77700B42BE3 /* Resources */ = {
			isa = PBXResourcesBuildPhase;
			buildActionMask = 2147483647;
			files = (
			);
			runOnlyForDeploymentPostprocessing = 0;
		};
		135B60A52038E77700B42BE3 /* Resources */ = {
			isa = PBXResourcesBuildPhase;
			buildActionMask = 2147483647;
			files = (
			);
			runOnlyForDeploymentPostprocessing = 0;
		};
/* End PBXResourcesBuildPhase section */

/* Begin PBXSourcesBuildPhase section */
		133357142042603100F90854 /* Sources */ = {
			isa = PBXSourcesBuildPhase;
			buildActionMask = 2147483647;
			files = (
				1333571B2042603200F90854 /* NewTest.m in Sources */,
			);
			runOnlyForDeploymentPostprocessing = 0;
		};
		135B60802038E77600B42BE3 /* Sources */ = {
			isa = PBXSourcesBuildPhase;
			buildActionMask = 2147483647;
			files = (
				135B608C2038E77600B42BE3 /* ViewController.m in Sources */,
				135B60F22038EC3200B42BE3 /* Location.m in Sources */,
				135B60972038E77700B42BE3 /* main.m in Sources */,
				135B60F32038EC3200B42BE3 /* JSONLoader.m in Sources */,
				135B60892038E77600B42BE3 /* AppDelegate.m in Sources */,
			);
			runOnlyForDeploymentPostprocessing = 0;
		};
		135B60982038E77700B42BE3 /* Sources */ = {
			isa = PBXSourcesBuildPhase;
			buildActionMask = 2147483647;
			files = (
			);
			runOnlyForDeploymentPostprocessing = 0;
		};
		135B60A32038E77700B42BE3 /* Sources */ = {
			isa = PBXSourcesBuildPhase;
			buildActionMask = 2147483647;
			files = (
			);
			runOnlyForDeploymentPostprocessing = 0;
		};
/* End PBXSourcesBuildPhase section */

/* Begin PBXTargetDependency section */
		1333571E2042603200F90854 /* PBXTargetDependency */ = {
			isa = PBXTargetDependency;
			target = 135B60832038E77600B42BE3 /* TestProject */;
			targetProxy = 1333571D2042603200F90854 /* PBXContainerItemProxy */;
		};
		135B609E2038E77700B42BE3 /* PBXTargetDependency */ = {
			isa = PBXTargetDependency;
			target = 135B60832038E77600B42BE3 /* TestProject */;
			targetProxy = 135B609D2038E77700B42BE3 /* PBXContainerItemProxy */;
		};
		135B60A92038E77700B42BE3 /* PBXTargetDependency */ = {
			isa = PBXTargetDependency;
			target = 135B60832038E77600B42BE3 /* TestProject */;
			targetProxy = 135B60A82038E77700B42BE3 /* PBXContainerItemProxy */;
		};
/* End PBXTargetDependency section */

/* Begin PBXVariantGroup section */
		135B608D2038E77600B42BE3 /* Main.storyboard */ = {
			isa = PBXVariantGroup;
			children = (
				135B608E2038E77600B42BE3 /* Base */,
			);
			name = Main.storyboard;
			sourceTree = "<group>";
		};
		135B60922038E77700B42BE3 /* LaunchScreen.storyboard */ = {
			isa = PBXVariantGroup;
			children = (
				135B60932038E77700B42BE3 /* Base */,
			);
			name = LaunchScreen.storyboard;
			sourceTree = "<group>";
		};
/* End PBXVariantGroup section */

/* Begin XCBuildConfiguration section */
		133357202042603200F90854 /* Debug */ = {
			isa = XCBuildConfiguration;
			buildSettings = {
				BUNDLE_LOADER = "$(TEST_HOST)";
				CODE_SIGN_STYLE = Automatic;
				INFOPLIST_FILE = NewTest/Info.plist;
				LD_RUNPATH_SEARCH_PATHS = "$(inherited) @executable_path/Frameworks @loader_path/Frameworks";
				PRODUCT_BUNDLE_IDENTIFIER = prakshi.NewTest;
				PRODUCT_NAME = "$(TARGET_NAME)";
				TARGETED_DEVICE_FAMILY = "1,2";
				TEST_HOST = "$(BUILT_PRODUCTS_DIR)/TestProject.app/TestProject";
			};
			name = Debug;
		};
		133357212042603200F90854 /* Release */ = {
			isa = XCBuildConfiguration;
			buildSettings = {
				BUNDLE_LOADER = "$(TEST_HOST)";
				CODE_SIGN_STYLE = Automatic;
				INFOPLIST_FILE = NewTest/Info.plist;
				LD_RUNPATH_SEARCH_PATHS = "$(inherited) @executable_path/Frameworks @loader_path/Frameworks";
				PRODUCT_BUNDLE_IDENTIFIER = prakshi.NewTest;
				PRODUCT_NAME = "$(TARGET_NAME)";
				TARGETED_DEVICE_FAMILY = "1,2";
				TEST_HOST = "$(BUILT_PRODUCTS_DIR)/TestProject.app/TestProject";
			};
			name = Release;
		};
		135B60AE2038E77700B42BE3 /* Debug */ = {
			isa = XCBuildConfiguration;
			buildSettings = {
				ALWAYS_SEARCH_USER_PATHS = NO;
				CLANG_ANALYZER_NONNULL = YES;
				CLANG_ANALYZER_NUMBER_OBJECT_CONVERSION = YES_AGGRESSIVE;
				CLANG_CXX_LANGUAGE_STANDARD = "gnu++14";
				CLANG_CXX_LIBRARY = "libc++";
				CLANG_ENABLE_MODULES = YES;
				CLANG_ENABLE_OBJC_ARC = YES;
				CLANG_WARN_BLOCK_CAPTURE_AUTORELEASING = YES;
				CLANG_WARN_BOOL_CONVERSION = YES;
				CLANG_WARN_COMMA = YES;
				CLANG_WARN_CONSTANT_CONVERSION = YES;
				CLANG_WARN_DIRECT_OBJC_ISA_USAGE = YES_ERROR;
				CLANG_WARN_DOCUMENTATION_COMMENTS = YES;
				CLANG_WARN_EMPTY_BODY = YES;
				CLANG_WARN_ENUM_CONVERSION = YES;
				CLANG_WARN_INFINITE_RECURSION = YES;
				CLANG_WARN_INT_CONVERSION = YES;
				CLANG_WARN_NON_LITERAL_NULL_CONVERSION = YES;
				CLANG_WARN_OBJC_LITERAL_CONVERSION = YES;
				CLANG_WARN_OBJC_ROOT_CLASS = YES_ERROR;
				CLANG_WARN_RANGE_LOOP_ANALYSIS = YES;
				CLANG_WARN_STRICT_PROTOTYPES = YES;
				CLANG_WARN_SUSPICIOUS_MOVE = YES;
				CLANG_WARN_UNGUARDED_AVAILABILITY = YES_AGGRESSIVE;
				CLANG_WARN_UNREACHABLE_CODE = YES;
				CLANG_WARN__DUPLICATE_METHOD_MATCH = YES;
				CODE_SIGN_IDENTITY = "iPhone Developer";
				COPY_PHASE_STRIP = NO;
				DEBUG_INFORMATION_FORMAT = dwarf;
				ENABLE_STRICT_OBJC_MSGSEND = YES;
				ENABLE_TESTABILITY = YES;
				GCC_C_LANGUAGE_STANDARD = gnu11;
				GCC_DYNAMIC_NO_PIC = NO;
				GCC_NO_COMMON_BLOCKS = YES;
				GCC_OPTIMIZATION_LEVEL = 0;
				GCC_PREPROCESSOR_DEFINITIONS = (
					"DEBUG=1",
					"$(inherited)",
				);
				GCC_WARN_64_TO_32_BIT_CONVERSION = YES;
				GCC_WARN_ABOUT_RETURN_TYPE = YES_ERROR;
				GCC_WARN_UNDECLARED_SELECTOR = YES;
				GCC_WARN_UNINITIALIZED_AUTOS = YES_AGGRESSIVE;
				GCC_WARN_UNUSED_FUNCTION = YES;
				GCC_WARN_UNUSED_VARIABLE = YES;
				IPHONEOS_DEPLOYMENT_TARGET = 11.2;
				MTL_ENABLE_DEBUG_INFO = YES;
				ONLY_ACTIVE_ARCH = YES;
				SDKROOT = iphoneos;
			};
			name = Debug;
		};
		135B60AF2038E77700B42BE3 /* Release */ = {
			isa = XCBuildConfiguration;
			buildSettings = {
				ALWAYS_SEARCH_USER_PATHS = NO;
				CLANG_ANALYZER_NONNULL = YES;
				CLANG_ANALYZER_NUMBER_OBJECT_CONVERSION = YES_AGGRESSIVE;
				CLANG_CXX_LANGUAGE_STANDARD = "gnu++14";
				CLANG_CXX_LIBRARY = "libc++";
				CLANG_ENABLE_MODULES = YES;
				CLANG_ENABLE_OBJC_ARC = YES;
				CLANG_WARN_BLOCK_CAPTURE_AUTORELEASING = YES;
				CLANG_WARN_BOOL_CONVERSION = YES;
				CLANG_WARN_COMMA = YES;
				CLANG_WARN_CONSTANT_CONVERSION = YES;
				CLANG_WARN_DIRECT_OBJC_ISA_USAGE = YES_ERROR;
				CLANG_WARN_DOCUMENTATION_COMMENTS = YES;
				CLANG_WARN_EMPTY_BODY = YES;
				CLANG_WARN_ENUM_CONVERSION = YES;
				CLANG_WARN_INFINITE_RECURSION = YES;
				CLANG_WARN_INT_CONVERSION = YES;
				CLANG_WARN_NON_LITERAL_NULL_CONVERSION = YES;
				CLANG_WARN_OBJC_LITERAL_CONVERSION = YES;
				CLANG_WARN_OBJC_ROOT_CLASS = YES_ERROR;
				CLANG_WARN_RANGE_LOOP_ANALYSIS = YES;
				CLANG_WARN_STRICT_PROTOTYPES = YES;
				CLANG_WARN_SUSPICIOUS_MOVE = YES;
				CLANG_WARN_UNGUARDED_AVAILABILITY = YES_AGGRESSIVE;
				CLANG_WARN_UNREACHABLE_CODE = YES;
				CLANG_WARN__DUPLICATE_METHOD_MATCH = YES;
				CODE_SIGN_IDENTITY = "iPhone Developer";
				COPY_PHASE_STRIP = NO;
				DEBUG_INFORMATION_FORMAT = "dwarf-with-dsym";
				ENABLE_NS_ASSERTIONS = NO;
				ENABLE_STRICT_OBJC_MSGSEND = YES;
				GCC_C_LANGUAGE_STANDARD = gnu11;
				GCC_NO_COMMON_BLOCKS = YES;
				GCC_WARN_64_TO_32_BIT_CONVERSION = YES;
				GCC_WARN_ABOUT_RETURN_TYPE = YES_ERROR;
				GCC_WARN_UNDECLARED_SELECTOR = YES;
				GCC_WARN_UNINITIALIZED_AUTOS = YES_AGGRESSIVE;
				GCC_WARN_UNUSED_FUNCTION = YES;
				GCC_WARN_UNUSED_VARIABLE = YES;
				IPHONEOS_DEPLOYMENT_TARGET = 11.2;
				MTL_ENABLE_DEBUG_INFO = NO;
				SDKROOT = iphoneos;
				VALIDATE_PRODUCT = YES;
			};
			name = Release;
		};
		135B60B12038E77700B42BE3 /* Debug */ = {
			isa = XCBuildConfiguration;
			buildSettings = {
				ASSETCATALOG_COMPILER_APPICON_NAME = AppIcon;
				CODE_SIGN_STYLE = Automatic;
				INFOPLIST_FILE = TestProject/Info.plist;
				LD_RUNPATH_SEARCH_PATHS = "$(inherited) @executable_path/Frameworks";
				PRODUCT_BUNDLE_IDENTIFIER = prakshi.TestProject;
				PRODUCT_NAME = "$(TARGET_NAME)";
				TARGETED_DEVICE_FAMILY = "1,2";
			};
			name = Debug;
		};
		135B60B22038E77700B42BE3 /* Release */ = {
			isa = XCBuildConfiguration;
			buildSettings = {
				ASSETCATALOG_COMPILER_APPICON_NAME = AppIcon;
				CODE_SIGN_STYLE = Automatic;
				INFOPLIST_FILE = TestProject/Info.plist;
				LD_RUNPATH_SEARCH_PATHS = "$(inherited) @executable_path/Frameworks";
				PRODUCT_BUNDLE_IDENTIFIER = prakshi.TestProject;
				PRODUCT_NAME = "$(TARGET_NAME)";
				TARGETED_DEVICE_FAMILY = "1,2";
			};
			name = Release;
		};
		135B60B42038E77700B42BE3 /* Debug */ = {
			isa = XCBuildConfiguration;
			buildSettings = {
				BUNDLE_LOADER = "$(TEST_HOST)";
				CODE_SIGN_STYLE = Automatic;
				INFOPLIST_FILE = TestProjectTests/Info.plist;
				LD_RUNPATH_SEARCH_PATHS = "$(inherited) @executable_path/Frameworks @loader_path/Frameworks";
				PRODUCT_BUNDLE_IDENTIFIER = prakshi.TestProjectTests;
				PRODUCT_NAME = "$(TARGET_NAME)";
				TARGETED_DEVICE_FAMILY = "1,2";
				TEST_HOST = "$(BUILT_PRODUCTS_DIR)/TestProject.app/TestProject";
			};
			name = Debug;
		};
		135B60B52038E77700B42BE3 /* Release */ = {
			isa = XCBuildConfiguration;
			buildSettings = {
				BUNDLE_LOADER = "$(TEST_HOST)";
				CODE_SIGN_STYLE = Automatic;
				INFOPLIST_FILE = TestProjectTests/Info.plist;
				LD_RUNPATH_SEARCH_PATHS = "$(inherited) @executable_path/Frameworks @loader_path/Frameworks";
				PRODUCT_BUNDLE_IDENTIFIER = prakshi.TestProjectTests;
				PRODUCT_NAME = "$(TARGET_NAME)";
				TARGETED_DEVICE_FAMILY = "1,2";
				TEST_HOST = "$(BUILT_PRODUCTS_DIR)/TestProject.app/TestProject";
			};
			name = Release;
		};
		135B60B72038E77700B42BE3 /* Debug */ = {
			isa = XCBuildConfiguration;
			buildSettings = {
				CODE_SIGN_STYLE = Automatic;
				INFOPLIST_FILE = TestProjectUITests/Info.plist;
				LD_RUNPATH_SEARCH_PATHS = "$(inherited) @executable_path/Frameworks @loader_path/Frameworks";
				PRODUCT_BUNDLE_IDENTIFIER = prakshi.TestProjectUITests;
				PRODUCT_NAME = "$(TARGET_NAME)";
				TARGETED_DEVICE_FAMILY = "1,2";
				TEST_TARGET_NAME = TestProject;
			};
			name = Debug;
		};
		135B60B82038E77700B42BE3 /* Release */ = {
			isa = XCBuildConfiguration;
			buildSettings = {
				CODE_SIGN_STYLE = Automatic;
				INFOPLIST_FILE = TestProjectUITests/Info.plist;
				LD_RUNPATH_SEARCH_PATHS = "$(inherited) @executable_path/Frameworks @loader_path/Frameworks";
				PRODUCT_BUNDLE_IDENTIFIER = prakshi.TestProjectUITests;
				PRODUCT_NAME = "$(TARGET_NAME)";
				TARGETED_DEVICE_FAMILY = "1,2";
				TEST_TARGET_NAME = TestProject;
			};
			name = Release;
		};
/* End XCBuildConfiguration section */

/* Begin XCConfigurationList section */
		1333571F2042603200F90854 /* Build configuration list for PBXNativeTarget "NewTest" */ = {
			isa = XCConfigurationList;
			buildConfigurations = (
				133357202042603200F90854 /* Debug */,
				133357212042603200F90854 /* Release */,
			);
			defaultConfigurationIsVisible = 0;
			defaultConfigurationName = Release;
		};
		135B607F2038E77600B42BE3 /* Build configuration list for PBXProject "TestProject" */ = {
			isa = XCConfigurationList;
			buildConfigurations = (
				135B60AE2038E77700B42BE3 /* Debug */,
				135B60AF2038E77700B42BE3 /* Release */,
			);
			defaultConfigurationIsVisible = 0;
			defaultConfigurationName = Release;
		};
		135B60B02038E77700B42BE3 /* Build configuration list for PBXNativeTarget "TestProject" */ = {
			isa = XCConfigurationList;
			buildConfigurations = (
				135B60B12038E77700B42BE3 /* Debug */,
				135B60B22038E77700B42BE3 /* Release */,
			);
			defaultConfigurationIsVisible = 0;
			defaultConfigurationName = Release;
		};
		135B60B32038E77700B42BE3 /* Build configuration list for PBXNativeTarget "TestProjectTests" */ = {
			isa = XCConfigurationList;
			buildConfigurations = (
				135B60B42038E77700B42BE3 /* Debug */,
				135B60B52038E77700B42BE3 /* Release */,
			);
			defaultConfigurationIsVisible = 0;
			defaultConfigurationName = Release;
		};
		135B60B62038E77700B42BE3 /* Build configuration list for PBXNativeTarget "TestProjectUITests" */ = {
			isa = XCConfigurationList;
			buildConfigurations = (
				135B60B72038E77700B42BE3 /* Debug */,
				135B60B82038E77700B42BE3 /* Release */,
			);
			defaultConfigurationIsVisible = 0;
			defaultConfigurationName = Release;
		};
/* End XCConfigurationList section */
	};
	rootObject = 135B607C2038E77600B42BE3 /* Project object */;
}
